
Microsoft Visual Studio Solution File, Format Version 12.00
# Visual Studio 15
Project("{FAE04EC0-301F-11D3-BF4B-00C04F79EFBC}") = "Assembly-CSharp", "Assembly-CSharp.csproj", "{E097ADEB-D642-E71F-431D-3446D7326CD2}"
EndProject
Global
	GlobalSection(SolutionConfigurationPlatforms) = preSolution
		Debug|Any CPU = Debug|Any CPU
		Release|Any CPU = Release|Any CPU
	EndGlobalSection
	GlobalSection(ProjectConfigurationPlatforms) = postSolution
		{E097ADEB-D642-E71F-431D-3446D7326CD2}.Debug|Any CPU.ActiveCfg = Debug|Any CPU
		{E097ADEB-D642-E71F-431D-3446D7326CD2}.Debug|Any CPU.Build.0 = Debug|Any CPU
		{E097ADEB-D642-E71F-431D-3446D7326CD2}.Release|Any CPU.ActiveCfg = Release|Any CPU
		{E097ADEB-D642-E71F-431D-3446D7326CD2}.Release|Any CPU.Build.0 = Release|Any CPU
	EndGlobalSection
	GlobalSection(SolutionProperties) = preSolution
		HideSolutionNode = FALSE
	EndGlobalSection
EndGlobal
